
Microsoft Visual Studio Solution File, Format Version 12.00
# Visual Studio 15
VisualStudioVersion = 15.0.26730.15
MinimumVisualStudioVersion = 10.0.40219.1
Project("{FAE04EC0-301F-11D3-BF4B-00C04F79EFBC}") = "ValidadorTxt", "ValidadorTxt\ValidadorTxt.csproj", "{0A3B9482-C5E4-4CBD-8CC4-CA0D72F3F017}"
EndProject
Project("{54435603-DBB4-11D2-8724-00A0C9A8B90C}") = "ValidadorSetup", "ValidadorSetup\ValidadorSetup.vdproj", "{FBC71604-57A9-4B57-AFED-80EB0CE640D8}"
EndProject
Global
	GlobalSection(SolutionConfigurationPlatforms) = preSolution
		Debug|Any CPU = Debug|Any CPU
		Release|Any CPU = Release|Any CPU
	EndGlobalSection
	GlobalSection(ProjectConfigurationPlatforms) = postSolution
		{0A3B9482-C5E4-4CBD-8CC4-CA0D72F3F017}.Debug|Any CPU.ActiveCfg = Debug|Any CPU
		{0A3B9482-C5E4-4CBD-8CC4-CA0D72F3F017}.Release|Any CPU.ActiveCfg = Release|Any CPU
		{0A3B9482-C5E4-4CBD-8CC4-CA0D72F3F017}.Release|Any CPU.Build.0 = Release|Any CPU
		{FBC71604-57A9-4B57-AFED-80EB0CE640D8}.Debug|Any CPU.ActiveCfg = Debug
		{FBC71604-57A9-4B57-AFED-80EB0CE640D8}.Release|Any CPU.ActiveCfg = Release
	EndGlobalSection
	GlobalSection(SolutionProperties) = preSolution
		HideSolutionNode = FALSE
	EndGlobalSection
	GlobalSection(ExtensibilityGlobals) = postSolution
		SolutionGuid = {78270DDB-4029-43C1-AFCA-35FC3EA0945A}
	EndGlobalSection
	GlobalSection(TeamFoundationVersionControl) = preSolution
		SccNumberOfProjects = 3
		SccEnterpriseProvider = {4CA58AB2-18FA-4F8D-95D4-32DDF27D184C}
		SccTeamFoundationServer = https://carlosveras.visualstudio.com/
		SccLocalPath0 = .
		SccProjectUniqueName1 = ValidadorSetup\\ValidadorSetup.vdproj
		SccProjectName1 = ValidadorSetup
		SccLocalPath1 = ValidadorSetup
		SccProjectUniqueName2 = ValidadorTxt\\ValidadorTxt.csproj
		SccProjectName2 = ValidadorTxt
		SccLocalPath2 = ValidadorTxt
	EndGlobalSection
EndGlobal
